<?xml version="1.0" encoding="utf-8"?>
<Project ToolsVersion="4.0" xmlns="http://schemas.microsoft.com/developer/msbuild/2003">
  <ItemGroup>
    <Filter Include="src">
      <UniqueIdentifier>{4FC737F1-C7A5-4376-A066-2A32D752A2FF}</UniqueIdentifier>
      <Extensions>cpp;c;cc;cxx;c++;cppm;ixx;def;odl;idl;hpj;bat;asm;asmx</Extensions>
    </Filter>
    <Filter Include="src\patching">
      <UniqueIdentifier>{403b58d4-3aa3-42ea-a7e0-dde323679684}</UniqueIdentifier>
    </Filter>
    <Filter Include="src\utils">
      <UniqueIdentifier>{ef91207e-2681-4acf-a721-c328ff75399a}</UniqueIdentifier>
    </Filter>
  </ItemGroup>
  <ItemGroup>
    <ClCompile Include="src\dllmain.c">
      <Filter>src</Filter>
    </ClCompile>
    <ClCompile Include="src\patching\launchapp.c">
      <Filter>src\patching</Filter>
    </ClCompile>
    <ClCompile Include="src\utils\pattern_scan.c">
      <Filter>src\utils</Filter>
    </ClCompile>
    <ClCompile Include="src\utils\binary.c">
      <Filter>src\utils</Filter>
    </ClCompile>
  </ItemGroup>
  <ItemGroup>
    <ClInclude Include="src\patching\patches.h">
      <Filter>src\patching</Filter>
    </ClInclude>
    <ClInclude Include="src\utils\binary.h">
      <Filter>src\utils</Filter>
    </ClInclude>
    <ClInclude Include="src\utils\utils.h">
      <Filter>src\utils</Filter>
    </ClInclude>
    <ClInclude Include="src\utils\pattern_scan.h">
      <Filter>src\utils</Filter>
    </ClInclude>
  </ItemGroup>
</Project>